[[package]]
name = "bitflags"
version = "1.0.4"
source = "registry+https://github.com/rust-lang/crates.io-index"

[[package]]
name = "cc"
version = "1.0.19"
source = "registry+https://github.com/rust-lang/crates.io-index"

[[package]]
name = "fnv"
version = "1.0.6"
source = "registry+https://github.com/rust-lang/crates.io-index"

[[package]]
name = "pkg-config"
version = "0.3.13"
source = "registry+https://github.com/rust-lang/crates.io-index"

[[package]]
name = "urlencoding"
version = "1.0.0"
source = "registry+https://github.com/rust-lang/crates.io-index"

[[package]]
name = "vcd"
version = "0.3.0"
source = "git+https://github.com/kevinmehall/rust-vcd.git#fce0896c1da4d9c02f9305256bde35083bbf76f0"

[[package]]
name = "vcd-view"
version = "0.1.0"
dependencies = [
 "vcd 0.3.0 (git+https://github.com/kevinmehall/rust-vcd.git)",
 "web-view 0.2.1 (registry+https://github.com/rust-lang/crates.io-index)",
]

[[package]]
name = "web-view"
version = "0.2.1"
source = "registry+https://github.com/rust-lang/crates.io-index"
dependencies = [
 "fnv 1.0.6 (registry+https://github.com/rust-lang/crates.io-index)",
 "urlencoding 1.0.0 (registry+https://github.com/rust-lang/crates.io-index)",
 "webview-sys 0.1.0 (registry+https://github.com/rust-lang/crates.io-index)",
]

[[package]]
name = "webview-sys"
version = "0.1.0"
source = "registry+https://github.com/rust-lang/crates.io-index"
dependencies = [
 "bitflags 1.0.4 (registry+https://github.com/rust-lang/crates.io-index)",
 "cc 1.0.19 (registry+https://github.com/rust-lang/crates.io-index)",
 "pkg-config 0.3.13 (registry+https://github.com/rust-lang/crates.io-index)",
]

[metadata]
"checksum bitflags 1.0.4 (registry+https://github.com/rust-lang/crates.io-index)" = "228047a76f468627ca71776ecdebd732a3423081fcf5125585bcd7c49886ce12"
"checksum cc 1.0.19 (registry+https://github.com/rust-lang/crates.io-index)" = "850d5f0c639adf4715b8cdf0272db2a4f1da26135b180e1f94bac592a8fc8e6d"
"checksum fnv 1.0.6 (registry+https://github.com/rust-lang/crates.io-index)" = "2fad85553e09a6f881f739c29f0b00b0f01357c743266d478b68951ce23285f3"
"checksum pkg-config 0.3.13 (registry+https://github.com/rust-lang/crates.io-index)" = "104630aa1c83213cbc76db0703630fcb0421dac3585063be4ce9a8a2feeaa745"
"checksum urlencoding 1.0.0 (registry+https://github.com/rust-lang/crates.io-index)" = "3df3561629a8bb4c57e5a2e4c43348d9e29c7c29d9b1c4c1f47166deca8f37ed"
"checksum vcd 0.3.0 (git+https://github.com/kevinmehall/rust-vcd.git)" = "<none>"
"checksum web-view 0.2.1 (registry+https://github.com/rust-lang/crates.io-index)" = "ce816fef17af3518d15417a2ca31076ce720704fd91f1aa9a2807b8ce933dc9f"
"checksum webview-sys 0.1.0 (registry+https://github.com/rust-lang/crates.io-index)" = "cf132b1194e12c43eb22cb73a93d7a258d2c0bf73e638e2f0de21f5016a783e4"
